
Microsoft Visual Studio Solution File, Format Version 12.00
# Visual Studio 15
VisualStudioVersion = 15.0.28307.329
MinimumVisualStudioVersion = 10.0.40219.1
Project("{FAE04EC0-301F-11D3-BF4B-00C04F79EFBC}") = "Black-Midi-Render", "Black-Midi-Render\Black-Midi-Render.csproj", "{273DA7BD-C89A-4574-97DE-AF425529FAAE}"
EndProject
Project("{FAE04EC0-301F-11D3-BF4B-00C04F79EFBC}") = "MidiUtils", "MidiUtils\MidiUtils.csproj", "{1A849712-B3E2-4AC5-B899-3A5AA3018F7A}"
EndProject
Project("{FAE04EC0-301F-11D3-BF4B-00C04F79EFBC}") = "BMEngine", "BMEngine\BMEngine.csproj", "{60F2212A-D56C-4776-836F-6A49453CDBC4}"
EndProject
Project("{2150E333-8FDC-42A3-9474-1A3956D46DE8}") = "Plugins", "Plugins", "{D60FA663-FD18-4342-A8C7-CD072DA1E4A0}"
EndProject
Project("{FAE04EC0-301F-11D3-BF4B-00C04F79EFBC}") = "ClassicRender", "ClassicRender\ClassicRender.csproj", "{B733D6F1-78A8-43CA-91A3-28FA3E7025D4}"
EndProject
Project("{FAE04EC0-301F-11D3-BF4B-00C04F79EFBC}") = "PFARender", "PFARender\PFARender.csproj", "{84E13869-0D33-4A56-A1A8-0B6F12C76081}"
EndProject
Project("{FAE04EC0-301F-11D3-BF4B-00C04F79EFBC}") = "FlatRender", "FlatRender\FlatRender.csproj", "{AE59479C-9D0D-464C-A4D3-8FDD7E1F3786}"
EndProject
Global
	GlobalSection(SolutionConfigurationPlatforms) = preSolution
		Debug|Any CPU = Debug|Any CPU
		Debug|x64 = Debug|x64
		Debug|x86 = Debug|x86
		Release|Any CPU = Release|Any CPU
		Release|x64 = Release|x64
		Release|x86 = Release|x86
	EndGlobalSection
	GlobalSection(ProjectConfigurationPlatforms) = postSolution
		{273DA7BD-C89A-4574-97DE-AF425529FAAE}.Debug|Any CPU.ActiveCfg = Debug|Any CPU
		{273DA7BD-C89A-4574-97DE-AF425529FAAE}.Debug|Any CPU.Build.0 = Debug|Any CPU
		{273DA7BD-C89A-4574-97DE-AF425529FAAE}.Debug|x64.ActiveCfg = Debug|x64
		{273DA7BD-C89A-4574-97DE-AF425529FAAE}.Debug|x64.Build.0 = Debug|x64
		{273DA7BD-C89A-4574-97DE-AF425529FAAE}.Debug|x86.ActiveCfg = Debug|x86
		{273DA7BD-C89A-4574-97DE-AF425529FAAE}.Debug|x86.Build.0 = Debug|x86
		{273DA7BD-C89A-4574-97DE-AF425529FAAE}.Release|Any CPU.ActiveCfg = Release|Any CPU
		{273DA7BD-C89A-4574-97DE-AF425529FAAE}.Release|Any CPU.Build.0 = Release|Any CPU
		{273DA7BD-C89A-4574-97DE-AF425529FAAE}.Release|x64.ActiveCfg = Release|x64
		{273DA7BD-C89A-4574-97DE-AF425529FAAE}.Release|x64.Build.0 = Release|x64
		{273DA7BD-C89A-4574-97DE-AF425529FAAE}.Release|x86.ActiveCfg = Release|x86
		{273DA7BD-C89A-4574-97DE-AF425529FAAE}.Release|x86.Build.0 = Release|x86
		{1A849712-B3E2-4AC5-B899-3A5AA3018F7A}.Debug|Any CPU.ActiveCfg = Debug|Any CPU
		{1A849712-B3E2-4AC5-B899-3A5AA3018F7A}.Debug|Any CPU.Build.0 = Debug|Any CPU
		{1A849712-B3E2-4AC5-B899-3A5AA3018F7A}.Debug|x64.ActiveCfg = Debug|x64
		{1A849712-B3E2-4AC5-B899-3A5AA3018F7A}.Debug|x64.Build.0 = Debug|x64
		{1A849712-B3E2-4AC5-B899-3A5AA3018F7A}.Debug|x86.ActiveCfg = Debug|x86
		{1A849712-B3E2-4AC5-B899-3A5AA3018F7A}.Debug|x86.Build.0 = Debug|x86
		{1A849712-B3E2-4AC5-B899-3A5AA3018F7A}.Release|Any CPU.ActiveCfg = Release|Any CPU
		{1A849712-B3E2-4AC5-B899-3A5AA3018F7A}.Release|Any CPU.Build.0 = Release|Any CPU
		{1A849712-B3E2-4AC5-B899-3A5AA3018F7A}.Release|x64.ActiveCfg = Release|x64
		{1A849712-B3E2-4AC5-B899-3A5AA3018F7A}.Release|x64.Build.0 = Release|x64
		{1A849712-B3E2-4AC5-B899-3A5AA3018F7A}.Release|x86.ActiveCfg = Release|x86
		{1A849712-B3E2-4AC5-B899-3A5AA3018F7A}.Release|x86.Build.0 = Release|x86
		{60F2212A-D56C-4776-836F-6A49453CDBC4}.Debug|Any CPU.ActiveCfg = Debug|Any CPU
		{60F2212A-D56C-4776-836F-6A49453CDBC4}.Debug|Any CPU.Build.0 = Debug|Any CPU
		{60F2212A-D56C-4776-836F-6A49453CDBC4}.Debug|x64.ActiveCfg = Debug|x64
		{60F2212A-D56C-4776-836F-6A49453CDBC4}.Debug|x64.Build.0 = Debug|x64
		{60F2212A-D56C-4776-836F-6A49453CDBC4}.Debug|x86.ActiveCfg = Debug|x86
		{60F2212A-D56C-4776-836F-6A49453CDBC4}.Debug|x86.Build.0 = Debug|x86
		{60F2212A-D56C-4776-836F-6A49453CDBC4}.Release|Any CPU.ActiveCfg = Release|Any CPU
		{60F2212A-D56C-4776-836F-6A49453CDBC4}.Release|Any CPU.Build.0 = Release|Any CPU
		{60F2212A-D56C-4776-836F-6A49453CDBC4}.Release|x64.ActiveCfg = Release|x64
		{60F2212A-D56C-4776-836F-6A49453CDBC4}.Release|x64.Build.0 = Release|x64
		{60F2212A-D56C-4776-836F-6A49453CDBC4}.Release|x86.ActiveCfg = Release|x86
		{60F2212A-D56C-4776-836F-6A49453CDBC4}.Release|x86.Build.0 = Release|x86
		{B733D6F1-78A8-43CA-91A3-28FA3E7025D4}.Debug|Any CPU.ActiveCfg = Debug|Any CPU
		{B733D6F1-78A8-43CA-91A3-28FA3E7025D4}.Debug|Any CPU.Build.0 = Debug|Any CPU
		{B733D6F1-78A8-43CA-91A3-28FA3E7025D4}.Debug|x64.ActiveCfg = Debug|x64
		{B733D6F1-78A8-43CA-91A3-28FA3E7025D4}.Debug|x64.Build.0 = Debug|x64
		{B733D6F1-78A8-43CA-91A3-28FA3E7025D4}.Debug|x86.ActiveCfg = Debug|x86
		{B733D6F1-78A8-43CA-91A3-28FA3E7025D4}.Debug|x86.Build.0 = Debug|x86
		{B733D6F1-78A8-43CA-91A3-28FA3E7025D4}.Release|Any CPU.ActiveCfg = Release|Any CPU
		{B733D6F1-78A8-43CA-91A3-28FA3E7025D4}.Release|Any CPU.Build.0 = Release|Any CPU
		{B733D6F1-78A8-43CA-91A3-28FA3E7025D4}.Release|x64.ActiveCfg = Release|x64
		{B733D6F1-78A8-43CA-91A3-28FA3E7025D4}.Release|x64.Build.0 = Release|x64
		{B733D6F1-78A8-43CA-91A3-28FA3E7025D4}.Release|x86.ActiveCfg = Release|x86
		{B733D6F1-78A8-43CA-91A3-28FA3E7025D4}.Release|x86.Build.0 = Release|x86
		{84E13869-0D33-4A56-A1A8-0B6F12C76081}.Debug|Any CPU.ActiveCfg = Debug|Any CPU
		{84E13869-0D33-4A56-A1A8-0B6F12C76081}.Debug|Any CPU.Build.0 = Debug|Any CPU
		{84E13869-0D33-4A56-A1A8-0B6F12C76081}.Debug|x64.ActiveCfg = Debug|x64
		{84E13869-0D33-4A56-A1A8-0B6F12C76081}.Debug|x64.Build.0 = Debug|x64
		{84E13869-0D33-4A56-A1A8-0B6F12C76081}.Debug|x86.ActiveCfg = Debug|x86
		{84E13869-0D33-4A56-A1A8-0B6F12C76081}.Debug|x86.Build.0 = Debug|x86
		{84E13869-0D33-4A56-A1A8-0B6F12C76081}.Release|Any CPU.ActiveCfg = Release|Any CPU
		{84E13869-0D33-4A56-A1A8-0B6F12C76081}.Release|Any CPU.Build.0 = Release|Any CPU
		{84E13869-0D33-4A56-A1A8-0B6F12C76081}.Release|x64.ActiveCfg = Release|x64
		{84E13869-0D33-4A56-A1A8-0B6F12C76081}.Release|x64.Build.0 = Release|x64
		{84E13869-0D33-4A56-A1A8-0B6F12C76081}.Release|x86.ActiveCfg = Release|x86
		{84E13869-0D33-4A56-A1A8-0B6F12C76081}.Release|x86.Build.0 = Release|x86
		{AE59479C-9D0D-464C-A4D3-8FDD7E1F3786}.Debug|Any CPU.ActiveCfg = Debug|Any CPU
		{AE59479C-9D0D-464C-A4D3-8FDD7E1F3786}.Debug|Any CPU.Build.0 = Debug|Any CPU
		{AE59479C-9D0D-464C-A4D3-8FDD7E1F3786}.Debug|x64.ActiveCfg = Debug|x64
		{AE59479C-9D0D-464C-A4D3-8FDD7E1F3786}.Debug|x64.Build.0 = Debug|x64
		{AE59479C-9D0D-464C-A4D3-8FDD7E1F3786}.Debug|x86.ActiveCfg = Debug|x86
		{AE59479C-9D0D-464C-A4D3-8FDD7E1F3786}.Debug|x86.Build.0 = Debug|x86
		{AE59479C-9D0D-464C-A4D3-8FDD7E1F3786}.Release|Any CPU.ActiveCfg = Release|Any CPU
		{AE59479C-9D0D-464C-A4D3-8FDD7E1F3786}.Release|Any CPU.Build.0 = Release|Any CPU
		{AE59479C-9D0D-464C-A4D3-8FDD7E1F3786}.Release|x64.ActiveCfg = Release|x64
		{AE59479C-9D0D-464C-A4D3-8FDD7E1F3786}.Release|x64.Build.0 = Release|x64
		{AE59479C-9D0D-464C-A4D3-8FDD7E1F3786}.Release|x86.ActiveCfg = Release|x86
		{AE59479C-9D0D-464C-A4D3-8FDD7E1F3786}.Release|x86.Build.0 = Release|x86
	EndGlobalSection
	GlobalSection(SolutionProperties) = preSolution
		HideSolutionNode = FALSE
	EndGlobalSection
	GlobalSection(NestedProjects) = preSolution
		{B733D6F1-78A8-43CA-91A3-28FA3E7025D4} = {D60FA663-FD18-4342-A8C7-CD072DA1E4A0}
		{84E13869-0D33-4A56-A1A8-0B6F12C76081} = {D60FA663-FD18-4342-A8C7-CD072DA1E4A0}
		{AE59479C-9D0D-464C-A4D3-8FDD7E1F3786} = {D60FA663-FD18-4342-A8C7-CD072DA1E4A0}
	EndGlobalSection
	GlobalSection(ExtensibilityGlobals) = postSolution
		SolutionGuid = {8FECB4F7-95FB-4E36-BDEE-C79BB233B885}
	EndGlobalSection
EndGlobal
